// !$*UTF8*$!
{
	archiveVersion = 1;
	classes = {
	};
	objectVersion = 51;
	objects = {

/* Begin PBXBuildFile section */
		2F1FA63D268DCBA4003963DB /* MockDatabaseManager.swift in Sources */ = {isa = PBXBuildFile; fileRef = 2F1FA63C268DCBA3003963DB /* MockDatabaseManager.swift */; };
		2F235C7F268CB96800DD4671 /* DatabaseManager.swift in Sources */ = {isa = PBXBuildFile; fileRef = 2F235C7E268CB96800DD4671 /* DatabaseManager.swift */; };
		2F235C84268CC1FE00DD4671 /* RealmDetailedAlbum.swift in Sources */ = {isa = PBXBuildFile; fileRef = 2F235C83268CC1FE00DD4671 /* RealmDetailedAlbum.swift */; };
		2F235C89268CC3E100DD4671 /* DatabaseMapper.swift in Sources */ = {isa = PBXBuildFile; fileRef = 2F235C88268CC3E100DD4671 /* DatabaseMapper.swift */; };
		2F596EA3268B2F9500C99D1D /* PathBuilder.swift in Sources */ = {isa = PBXBuildFile; fileRef = 2F596EA2268B2F9500C99D1D /* PathBuilder.swift */; };
		2F596EBE268B459B00C99D1D /* TopChartCollectionViewCell.swift in Sources */ = {isa = PBXBuildFile; fileRef = 2F596EBD268B459B00C99D1D /* TopChartCollectionViewCell.swift */; };
		2F596EC3268B460B00C99D1D /* TopChartCollectionViewCell.xib in Resources */ = {isa = PBXBuildFile; fileRef = 2F596EC2268B460B00C99D1D /* TopChartCollectionViewCell.xib */; };
		2F7F485E268B1355007E39E8 /* TopChartView.swift in Sources */ = {isa = PBXBuildFile; fileRef = 2F7F485D268B1355007E39E8 /* TopChartView.swift */; };
		2F7F4863268B1373007E39E8 /* TopChartViewController.swift in Sources */ = {isa = PBXBuildFile; fileRef = 2F7F4862268B1373007E39E8 /* TopChartViewController.swift */; };
		2F7F4877268B1BDE007E39E8 /* Album.swift in Sources */ = {isa = PBXBuildFile; fileRef = 2F7F4876268B1BDE007E39E8 /* Album.swift */; };
		2F7F487C268B1CCE007E39E8 /* Artist.swift in Sources */ = {isa = PBXBuildFile; fileRef = 2F7F487B268B1CCE007E39E8 /* Artist.swift */; };
		2F7F4899268B223E007E39E8 /* AlbumsRequestInfo.swift in Sources */ = {isa = PBXBuildFile; fileRef = 2F7F4898268B223E007E39E8 /* AlbumsRequestInfo.swift */; };
		2F7F48A4268B25A7007E39E8 /* AlbumsArray.swift in Sources */ = {isa = PBXBuildFile; fileRef = 2F7F48A3268B25A7007E39E8 /* AlbumsArray.swift */; };
		2F7F48AC268B28DF007E39E8 /* TopChartPresenter.swift in Sources */ = {isa = PBXBuildFile; fileRef = 2F7F48AB268B28DF007E39E8 /* TopChartPresenter.swift */; };
		2F7F48B2268B291C007E39E8 /* BasePresenter.swift in Sources */ = {isa = PBXBuildFile; fileRef = 2F7F48B1268B291C007E39E8 /* BasePresenter.swift */; };
		2F7F48C0268B2A06007E39E8 /* BaseView.swift in Sources */ = {isa = PBXBuildFile; fileRef = 2F7F48BF268B2A06007E39E8 /* BaseView.swift */; };
		2FA2A5ED268C9528005B9C19 /* MockNetworkManager.swift in Sources */ = {isa = PBXBuildFile; fileRef = 2FA2A5EC268C9528005B9C19 /* MockNetworkManager.swift */; };
		2FA2A5F5268CA3D2005B9C19 /* AlbumDetailPresenterTests.swift in Sources */ = {isa = PBXBuildFile; fileRef = 2FA2A5F4268CA3D2005B9C19 /* AlbumDetailPresenterTests.swift */; };
		2FABD4CC268A5EBA0075B70C /* AppDelegate.swift in Sources */ = {isa = PBXBuildFile; fileRef = 2FABD4CB268A5EBA0075B70C /* AppDelegate.swift */; };
		2FABD4CE268A5EBA0075B70C /* SceneDelegate.swift in Sources */ = {isa = PBXBuildFile; fileRef = 2FABD4CD268A5EBA0075B70C /* SceneDelegate.swift */; };
		2FABD4D3268A5EBA0075B70C /* Main.storyboard in Resources */ = {isa = PBXBuildFile; fileRef = 2FABD4D1268A5EBA0075B70C /* Main.storyboard */; };
		2FABD4D5268A5EBE0075B70C /* Assets.xcassets in Resources */ = {isa = PBXBuildFile; fileRef = 2FABD4D4268A5EBE0075B70C /* Assets.xcassets */; };
		2FABD4D8268A5EBE0075B70C /* LaunchScreen.storyboard in Resources */ = {isa = PBXBuildFile; fileRef = 2FABD4D6268A5EBE0075B70C /* LaunchScreen.storyboard */; };
		2FABD4E3268A5EBE0075B70C /* TopChartPresenterTests.swift in Sources */ = {isa = PBXBuildFile; fileRef = 2FABD4E2268A5EBE0075B70C /* TopChartPresenterTests.swift */; };
		2FABD503268A5FD60075B70C /* NetworkManager.swift in Sources */ = {isa = PBXBuildFile; fileRef = 2FABD502268A5FD60075B70C /* NetworkManager.swift */; };
		2FB60041268B50A3003F473D /* AlbumImage.swift in Sources */ = {isa = PBXBuildFile; fileRef = 2FB60040268B50A3003F473D /* AlbumImage.swift */; };
		2FB60063268B8742003F473D /* Utils.swift in Sources */ = {isa = PBXBuildFile; fileRef = 2FB60062268B8741003F473D /* Utils.swift */; };
		2FBB0352268C649900C5C8B4 /* AlbumDetailViewController.swift in Sources */ = {isa = PBXBuildFile; fileRef = 2FBB0351268C649900C5C8B4 /* AlbumDetailViewController.swift */; };
		2FBB0357268C693000C5C8B4 /* AlbumDetailedInfo.swift in Sources */ = {isa = PBXBuildFile; fileRef = 2FBB0356268C693000C5C8B4 /* AlbumDetailedInfo.swift */; };
		2FBB035C268C6A0800C5C8B4 /* AlbumDetailView.swift in Sources */ = {isa = PBXBuildFile; fileRef = 2FBB035B268C6A0800C5C8B4 /* AlbumDetailView.swift */; };
		2FBB0361268C6A1900C5C8B4 /* AlbumDetailPresenter.swift in Sources */ = {isa = PBXBuildFile; fileRef = 2FBB0360268C6A1900C5C8B4 /* AlbumDetailPresenter.swift */; };
		2FBB0367268C6DD300C5C8B4 /* AlbumFullInfo.swift in Sources */ = {isa = PBXBuildFile; fileRef = 2FBB0366268C6DD300C5C8B4 /* AlbumFullInfo.swift */; };
		2FBB036C268C6F7C00C5C8B4 /* TracksArray.swift in Sources */ = {isa = PBXBuildFile; fileRef = 2FBB036B268C6F7C00C5C8B4 /* TracksArray.swift */; };
		2FBB0371268C6F8800C5C8B4 /* Track.swift in Sources */ = {isa = PBXBuildFile; fileRef = 2FBB0370268C6F8800C5C8B4 /* Track.swift */; };
		2FBB0376268C6FA500C5C8B4 /* Wiki.swift in Sources */ = {isa = PBXBuildFile; fileRef = 2FBB0375268C6FA500C5C8B4 /* Wiki.swift */; };
		5F4674C54B94F6D646A7F789 /* Pods_fm_freak.framework in Frameworks */ = {isa = PBXBuildFile; fileRef = 14A07031307A17DF42CE414D /* Pods_fm_freak.framework */; };
/* End PBXBuildFile section */

/* Begin PBXContainerItemProxy section */
		2FABD4DF268A5EBE0075B70C /* PBXContainerItemProxy */ = {
			isa = PBXContainerItemProxy;
			containerPortal = 2FABD4C0268A5EBA0075B70C /* Project object */;
			proxyType = 1;
			remoteGlobalIDString = 2FABD4C7268A5EBA0075B70C;
			remoteInfo = "fm freak";
		};
/* End PBXContainerItemProxy section */

/* Begin PBXFileReference section */
		14A07031307A17DF42CE414D /* Pods_fm_freak.framework */ = {isa = PBXFileReference; explicitFileType = wrapper.framework; includeInIndex = 0; path = Pods_fm_freak.framework; sourceTree = BUILT_PRODUCTS_DIR; };
		2F1FA63C268DCBA3003963DB /* MockDatabaseManager.swift */ = {isa = PBXFileReference; lastKnownFileType = sourcecode.swift; path = MockDatabaseManager.swift; sourceTree = "<group>"; };
		2F235C7E268CB96800DD4671 /* DatabaseManager.swift */ = {isa = PBXFileReference; lastKnownFileType = sourcecode.swift; path = DatabaseManager.swift; sourceTree = "<group>"; };
		2F235C83268CC1FE00DD4671 /* RealmDetailedAlbum.swift */ = {isa = PBXFileReference; lastKnownFileType = sourcecode.swift; path = RealmDetailedAlbum.swift; sourceTree = "<group>"; };
		2F235C88268CC3E100DD4671 /* DatabaseMapper.swift */ = {isa = PBXFileReference; lastKnownFileType = sourcecode.swift; path = DatabaseMapper.swift; sourceTree = "<group>"; };
		2F596EA2268B2F9500C99D1D /* PathBuilder.swift */ = {isa = PBXFileReference; lastKnownFileType = sourcecode.swift; path = PathBuilder.swift; sourceTree = "<group>"; };
		2F596EBD268B459B00C99D1D /* TopChartCollectionViewCell.swift */ = {isa = PBXFileReference; lastKnownFileType = sourcecode.swift; path = TopChartCollectionViewCell.swift; sourceTree = "<group>"; };
		2F596EC2268B460B00C99D1D /* TopChartCollectionViewCell.xib */ = {isa = PBXFileReference; lastKnownFileType = file.xib; path = TopChartCollectionViewCell.xib; sourceTree = "<group>"; };
		2F7F485D268B1355007E39E8 /* TopChartView.swift */ = {isa = PBXFileReference; lastKnownFileType = sourcecode.swift; path = TopChartView.swift; sourceTree = "<group>"; };
		2F7F4862268B1373007E39E8 /* TopChartViewController.swift */ = {isa = PBXFileReference; lastKnownFileType = sourcecode.swift; path = TopChartViewController.swift; sourceTree = "<group>"; };
		2F7F4876268B1BDE007E39E8 /* Album.swift */ = {isa = PBXFileReference; lastKnownFileType = sourcecode.swift; path = Album.swift; sourceTree = "<group>"; };
		2F7F487B268B1CCE007E39E8 /* Artist.swift */ = {isa = PBXFileReference; lastKnownFileType = sourcecode.swift; path = Artist.swift; sourceTree = "<group>"; };
		2F7F4898268B223E007E39E8 /* AlbumsRequestInfo.swift */ = {isa = PBXFileReference; lastKnownFileType = sourcecode.swift; path = AlbumsRequestInfo.swift; sourceTree = "<group>"; };
		2F7F48A3268B25A7007E39E8 /* AlbumsArray.swift */ = {isa = PBXFileReference; lastKnownFileType = sourcecode.swift; path = AlbumsArray.swift; sourceTree = "<group>"; };
		2F7F48AB268B28DF007E39E8 /* TopChartPresenter.swift */ = {isa = PBXFileReference; lastKnownFileType = sourcecode.swift; path = TopChartPresenter.swift; sourceTree = "<group>"; };
		2F7F48B1268B291C007E39E8 /* BasePresenter.swift */ = {isa = PBXFileReference; lastKnownFileType = sourcecode.swift; path = BasePresenter.swift; sourceTree = "<group>"; };
		2F7F48BF268B2A06007E39E8 /* BaseView.swift */ = {isa = PBXFileReference; lastKnownFileType = sourcecode.swift; path = BaseView.swift; sourceTree = "<group>"; };
		2FA2A5EC268C9528005B9C19 /* MockNetworkManager.swift */ = {isa = PBXFileReference; lastKnownFileType = sourcecode.swift; path = MockNetworkManager.swift; sourceTree = "<group>"; };
		2FA2A5F4268CA3D2005B9C19 /* AlbumDetailPresenterTests.swift */ = {isa = PBXFileReference; lastKnownFileType = sourcecode.swift; path = AlbumDetailPresenterTests.swift; sourceTree = "<group>"; };
		2FABD4C8268A5EBA0075B70C /* fm freak.app */ = {isa = PBXFileReference; explicitFileType = wrapper.application; includeInIndex = 0; path = "fm freak.app"; sourceTree = BUILT_PRODUCTS_DIR; };
		2FABD4CB268A5EBA0075B70C /* AppDelegate.swift */ = {isa = PBXFileReference; lastKnownFileType = sourcecode.swift; path = AppDelegate.swift; sourceTree = "<group>"; };
		2FABD4CD268A5EBA0075B70C /* SceneDelegate.swift */ = {isa = PBXFileReference; lastKnownFileType = sourcecode.swift; path = SceneDelegate.swift; sourceTree = "<group>"; };
		2FABD4D2268A5EBA0075B70C /* Base */ = {isa = PBXFileReference; lastKnownFileType = file.storyboard; name = Base; path = Base.lproj/Main.storyboard; sourceTree = "<group>"; };
		2FABD4D4268A5EBE0075B70C /* Assets.xcassets */ = {isa = PBXFileReference; lastKnownFileType = folder.assetcatalog; path = Assets.xcassets; sourceTree = "<group>"; };
		2FABD4D7268A5EBE0075B70C /* Base */ = {isa = PBXFileReference; lastKnownFileType = file.storyboard; name = Base; path = Base.lproj/LaunchScreen.storyboard; sourceTree = "<group>"; };
		2FABD4D9268A5EBE0075B70C /* Info.plist */ = {isa = PBXFileReference; lastKnownFileType = text.plist.xml; path = Info.plist; sourceTree = "<group>"; };
		2FABD4DE268A5EBE0075B70C /* fm freakTests.xctest */ = {isa = PBXFileReference; explicitFileType = wrapper.cfbundle; includeInIndex = 0; path = "fm freakTests.xctest"; sourceTree = BUILT_PRODUCTS_DIR; };
		2FABD4E2268A5EBE0075B70C /* TopChartPresenterTests.swift */ = {isa = PBXFileReference; lastKnownFileType = sourcecode.swift; path = TopChartPresenterTests.swift; sourceTree = "<group>"; };
		2FABD4E4268A5EBE0075B70C /* Info.plist */ = {isa = PBXFileReference; lastKnownFileType = text.plist.xml; path = Info.plist; sourceTree = "<group>"; };
		2FABD502268A5FD60075B70C /* NetworkManager.swift */ = {isa = PBXFileReference; lastKnownFileType = sourcecode.swift; path = NetworkManager.swift; sourceTree = "<group>"; };
		2FB60040268B50A3003F473D /* AlbumImage.swift */ = {isa = PBXFileReference; lastKnownFileType = sourcecode.swift; path = AlbumImage.swift; sourceTree = "<group>"; };
		2FB60062268B8741003F473D /* Utils.swift */ = {isa = PBXFileReference; lastKnownFileType = sourcecode.swift; path = Utils.swift; sourceTree = "<group>"; };
		2FBB0351268C649900C5C8B4 /* AlbumDetailViewController.swift */ = {isa = PBXFileReference; lastKnownFileType = sourcecode.swift; path = AlbumDetailViewController.swift; sourceTree = "<group>"; };
		2FBB0356268C693000C5C8B4 /* AlbumDetailedInfo.swift */ = {isa = PBXFileReference; lastKnownFileType = sourcecode.swift; path = AlbumDetailedInfo.swift; sourceTree = "<group>"; };
		2FBB035B268C6A0800C5C8B4 /* AlbumDetailView.swift */ = {isa = PBXFileReference; lastKnownFileType = sourcecode.swift; path = AlbumDetailView.swift; sourceTree = "<group>"; };
		2FBB0360268C6A1900C5C8B4 /* AlbumDetailPresenter.swift */ = {isa = PBXFileReference; lastKnownFileType = sourcecode.swift; path = AlbumDetailPresenter.swift; sourceTree = "<group>"; };
		2FBB0366268C6DD300C5C8B4 /* AlbumFullInfo.swift */ = {isa = PBXFileReference; lastKnownFileType = sourcecode.swift; path = AlbumFullInfo.swift; sourceTree = "<group>"; };
		2FBB036B268C6F7C00C5C8B4 /* TracksArray.swift */ = {isa = PBXFileReference; lastKnownFileType = sourcecode.swift; path = TracksArray.swift; sourceTree = "<group>"; };
		2FBB0370268C6F8800C5C8B4 /* Track.swift */ = {isa = PBXFileReference; lastKnownFileType = sourcecode.swift; path = Track.swift; sourceTree = "<group>"; };
		2FBB0375268C6FA500C5C8B4 /* Wiki.swift */ = {isa = PBXFileReference; lastKnownFileType = sourcecode.swift; path = Wiki.swift; sourceTree = "<group>"; };
		5F381030FD6D9B2AE9B7C8BE /* Pods-fm freak.release.xcconfig */ = {isa = PBXFileReference; includeInIndex = 1; lastKnownFileType = text.xcconfig; name = "Pods-fm freak.release.xcconfig"; path = "Target Support Files/Pods-fm freak/Pods-fm freak.release.xcconfig"; sourceTree = "<group>"; };
		62026E2E62491673FA8F1D83 /* Pods-fm freak.debug.xcconfig */ = {isa = PBXFileReference; includeInIndex = 1; lastKnownFileType = text.xcconfig; name = "Pods-fm freak.debug.xcconfig"; path = "Target Support Files/Pods-fm freak/Pods-fm freak.debug.xcconfig"; sourceTree = "<group>"; };
/* End PBXFileReference section */

/* Begin PBXFrameworksBuildPhase section */
		2FABD4C5268A5EBA0075B70C /* Frameworks */ = {
			isa = PBXFrameworksBuildPhase;
			buildActionMask = 2147483647;
			files = (
				5F4674C54B94F6D646A7F789 /* Pods_fm_freak.framework in Frameworks */,
			);
			runOnlyForDeploymentPostprocessing = 0;
		};
		2FABD4DB268A5EBE0075B70C /* Frameworks */ = {
			isa = PBXFrameworksBuildPhase;
			buildActionMask = 2147483647;
			files = (
			);
			runOnlyForDeploymentPostprocessing = 0;
		};
/* End PBXFrameworksBuildPhase section */

/* Begin PBXGroup section */
		2F235C7D268CB95300DD4671 /* Database */ = {
			isa = PBXGroup;
			children = (
				2F235C87268CC3D200DD4671 /* Mapper */,
				2F235C82268CC1ED00DD4671 /* Models */,
				2F235C7E268CB96800DD4671 /* DatabaseManager.swift */,
			);
			path = Database;
			sourceTree = "<group>";
		};
		2F235C82268CC1ED00DD4671 /* Models */ = {
			isa = PBXGroup;
			children = (
				2F235C83268CC1FE00DD4671 /* RealmDetailedAlbum.swift */,
			);
			path = Models;
			sourceTree = "<group>";
		};
		2F235C87268CC3D200DD4671 /* Mapper */ = {
			isa = PBXGroup;
			children = (
				2F235C88268CC3E100DD4671 /* DatabaseMapper.swift */,
			);
			path = Mapper;
			sourceTree = "<group>";
		};
		2F596EB9268B457800C99D1D /* Cell */ = {
			isa = PBXGroup;
			children = (
				2F596EBD268B459B00C99D1D /* TopChartCollectionViewCell.swift */,
				2F596EC2268B460B00C99D1D /* TopChartCollectionViewCell.xib */,
			);
			path = Cell;
			sourceTree = "<group>";
		};
		2F7F485B268B131C007E39E8 /* Views */ = {
			isa = PBXGroup;
			children = (
				2FBB0350268C647300C5C8B4 /* AlbumDetail */,
				2F7F485C268B1324007E39E8 /* TopChart */,
			);
			path = Views;
			sourceTree = "<group>";
		};
		2F7F485C268B1324007E39E8 /* TopChart */ = {
			isa = PBXGroup;
			children = (
				2F596EB9268B457800C99D1D /* Cell */,
				2F7F4862268B1373007E39E8 /* TopChartViewController.swift */,
				2F7F485D268B1355007E39E8 /* TopChartView.swift */,
				2F7F48AB268B28DF007E39E8 /* TopChartPresenter.swift */,
			);
			path = TopChart;
			sourceTree = "<group>";
		};
		2F7F4875268B1BCA007E39E8 /* Models */ = {
			isa = PBXGroup;
			children = (
				2FBB0365268C6D8800C5C8B4 /* AlbumDetailInfo */,
				2FB6003F268B507A003F473D /* AlbumMainInfo */,
			);
			path = Models;
			sourceTree = "<group>";
		};
		2F7F48B0268B290B007E39E8 /* Utils */ = {
			isa = PBXGroup;
			children = (
				2F7F48B1268B291C007E39E8 /* BasePresenter.swift */,
				2F7F48BF268B2A06007E39E8 /* BaseView.swift */,
				2F596EA2268B2F9500C99D1D /* PathBuilder.swift */,
				2FB60062268B8741003F473D /* Utils.swift */,
			);
			path = Utils;
			sourceTree = "<group>";
		};
		2FA2A5EB268C950D005B9C19 /* Mocks */ = {
			isa = PBXGroup;
			children = (
				2FA2A5EC268C9528005B9C19 /* MockNetworkManager.swift */,
				2F1FA63C268DCBA3003963DB /* MockDatabaseManager.swift */,
			);
			path = Mocks;
			sourceTree = "<group>";
		};
		2FABD4BF268A5EBA0075B70C = {
			isa = PBXGroup;
			children = (
				2FABD4CA268A5EBA0075B70C /* fm freak */,
				2FABD4E1268A5EBE0075B70C /* fm freakTests */,
				2FABD4C9268A5EBA0075B70C /* Products */,
				EFF297C0DADFB6C365A71F56 /* Pods */,
				5F1F26821535180FC26D328C /* Frameworks */,
			);
			sourceTree = "<group>";
		};
		2FABD4C9268A5EBA0075B70C /* Products */ = {
			isa = PBXGroup;
			children = (
				2FABD4C8268A5EBA0075B70C /* fm freak.app */,
				2FABD4DE268A5EBE0075B70C /* fm freakTests.xctest */,
			);
			name = Products;
			sourceTree = "<group>";
		};
		2FABD4CA268A5EBA0075B70C /* fm freak */ = {
			isa = PBXGroup;
			children = (
				2F235C7D268CB95300DD4671 /* Database */,
				2FA2A5EB268C950D005B9C19 /* Mocks */,
				2F7F48B0268B290B007E39E8 /* Utils */,
				2F7F4875268B1BCA007E39E8 /* Models */,
				2F7F485B268B131C007E39E8 /* Views */,
				2FABD501268A5FC00075B70C /* Network */,
				2FABD4CB268A5EBA0075B70C /* AppDelegate.swift */,
				2FABD4CD268A5EBA0075B70C /* SceneDelegate.swift */,
				2FABD4D1268A5EBA0075B70C /* Main.storyboard */,
				2FABD4D4268A5EBE0075B70C /* Assets.xcassets */,
				2FABD4D6268A5EBE0075B70C /* LaunchScreen.storyboard */,
				2FABD4D9268A5EBE0075B70C /* Info.plist */,
			);
			path = "fm freak";
			sourceTree = "<group>";
		};
		2FABD4E1268A5EBE0075B70C /* fm freakTests */ = {
			isa = PBXGroup;
			children = (
				2FABD4E2268A5EBE0075B70C /* TopChartPresenterTests.swift */,
				2FABD4E4268A5EBE0075B70C /* Info.plist */,
				2FA2A5F4268CA3D2005B9C19 /* AlbumDetailPresenterTests.swift */,
			);
			path = "fm freakTests";
			sourceTree = "<group>";
		};
		2FABD501268A5FC00075B70C /* Network */ = {
			isa = PBXGroup;
			children = (
				2FABD502268A5FD60075B70C /* NetworkManager.swift */,
			);
			path = Network;
			sourceTree = "<group>";
		};
		2FB6003F268B507A003F473D /* AlbumMainInfo */ = {
			isa = PBXGroup;
			children = (
				2F7F4876268B1BDE007E39E8 /* Album.swift */,
				2F7F487B268B1CCE007E39E8 /* Artist.swift */,
				2F7F4898268B223E007E39E8 /* AlbumsRequestInfo.swift */,
				2F7F48A3268B25A7007E39E8 /* AlbumsArray.swift */,
				2FB60040268B50A3003F473D /* AlbumImage.swift */,
			);
			path = AlbumMainInfo;
			sourceTree = "<group>";
		};
		2FBB0350268C647300C5C8B4 /* AlbumDetail */ = {
			isa = PBXGroup;
			children = (
				2FBB0351268C649900C5C8B4 /* AlbumDetailViewController.swift */,
				2FBB035B268C6A0800C5C8B4 /* AlbumDetailView.swift */,
				2FBB0360268C6A1900C5C8B4 /* AlbumDetailPresenter.swift */,
			);
			path = AlbumDetail;
			sourceTree = "<group>";
		};
		2FBB0365268C6D8800C5C8B4 /* AlbumDetailInfo */ = {
			isa = PBXGroup;
			children = (
				2FBB0356268C693000C5C8B4 /* AlbumDetailedInfo.swift */,
				2FBB0366268C6DD300C5C8B4 /* AlbumFullInfo.swift */,
				2FBB036B268C6F7C00C5C8B4 /* TracksArray.swift */,
				2FBB0370268C6F8800C5C8B4 /* Track.swift */,
				2FBB0375268C6FA500C5C8B4 /* Wiki.swift */,
			);
			path = AlbumDetailInfo;
			sourceTree = "<group>";
		};
		5F1F26821535180FC26D328C /* Frameworks */ = {
			isa = PBXGroup;
			children = (
				14A07031307A17DF42CE414D /* Pods_fm_freak.framework */,
			);
			name = Frameworks;
			sourceTree = "<group>";
		};
		EFF297C0DADFB6C365A71F56 /* Pods */ = {
			isa = PBXGroup;
			children = (
				62026E2E62491673FA8F1D83 /* Pods-fm freak.debug.xcconfig */,
				5F381030FD6D9B2AE9B7C8BE /* Pods-fm freak.release.xcconfig */,
			);
			path = Pods;
			sourceTree = "<group>";
		};
/* End PBXGroup section */

/* Begin PBXNativeTarget section */
		2FABD4C7268A5EBA0075B70C /* fm freak */ = {
			isa = PBXNativeTarget;
			buildConfigurationList = 2FABD4F2268A5EBE0075B70C /* Build configuration list for PBXNativeTarget "fm freak" */;
			buildPhases = (
				934CAB292B8B2A24045BCB24 /* [CP] Check Pods Manifest.lock */,
				2FABD4C4268A5EBA0075B70C /* Sources */,
				2FABD4C5268A5EBA0075B70C /* Frameworks */,
				2FABD4C6268A5EBA0075B70C /* Resources */,
				E9D0F7873A0987A355684FF6 /* [CP] Embed Pods Frameworks */,
			);
			buildRules = (
			);
			dependencies = (
			);
			name = "fm freak";
			productName = "fm freak";
			productReference = 2FABD4C8268A5EBA0075B70C /* fm freak.app */;
			productType = "com.apple.product-type.application";
		};
		2FABD4DD268A5EBE0075B70C /* fm freakTests */ = {
			isa = PBXNativeTarget;
			buildConfigurationList = 2FABD4F5268A5EBE0075B70C /* Build configuration list for PBXNativeTarget "fm freakTests" */;
			buildPhases = (
				2FABD4DA268A5EBE0075B70C /* Sources */,
				2FABD4DB268A5EBE0075B70C /* Frameworks */,
				2FABD4DC268A5EBE0075B70C /* Resources */,
			);
			buildRules = (
			);
			dependencies = (
				2FABD4E0268A5EBE0075B70C /* PBXTargetDependency */,
			);
			name = "fm freakTests";
			productName = "fm freakTests";
			productReference = 2FABD4DE268A5EBE0075B70C /* fm freakTests.xctest */;
			productType = "com.apple.product-type.bundle.unit-test";
		};
/* End PBXNativeTarget section */

/* Begin PBXProject section */
		2FABD4C0268A5EBA0075B70C /* Project object */ = {
			isa = PBXProject;
			attributes = {
				LastSwiftUpdateCheck = 1220;
				LastUpgradeCheck = 1220;
				TargetAttributes = {
					2FABD4C7268A5EBA0075B70C = {
						CreatedOnToolsVersion = 12.2;
					};
					2FABD4DD268A5EBE0075B70C = {
						CreatedOnToolsVersion = 12.2;
						TestTargetID = 2FABD4C7268A5EBA0075B70C;
					};
				};
			};
			buildConfigurationList = 2FABD4C3268A5EBA0075B70C /* Build configuration list for PBXProject "fm freak" */;
			compatibilityVersion = "Xcode 9.3";
			developmentRegion = en;
			hasScannedForEncodings = 0;
			knownRegions = (
				en,
				Base,
			);
			mainGroup = 2FABD4BF268A5EBA0075B70C;
			productRefGroup = 2FABD4C9268A5EBA0075B70C /* Products */;
			projectDirPath = "";
			projectRoot = "";
			targets = (
				2FABD4C7268A5EBA0075B70C /* fm freak */,
				2FABD4DD268A5EBE0075B70C /* fm freakTests */,
			);
		};
/* End PBXProject section */

/* Begin PBXResourcesBuildPhase section */
		2FABD4C6268A5EBA0075B70C /* Resources */ = {
			isa = PBXResourcesBuildPhase;
			buildActionMask = 2147483647;
			files = (
				2FABD4D8268A5EBE0075B70C /* LaunchScreen.storyboard in Resources */,
				2FABD4D5268A5EBE0075B70C /* Assets.xcassets in Resources */,
				2FABD4D3268A5EBA0075B70C /* Main.storyboard in Resources */,
				2F596EC3268B460B00C99D1D /* TopChartCollectionViewCell.xib in Resources */,
			);
			runOnlyForDeploymentPostprocessing = 0;
		};
		2FABD4DC268A5EBE0075B70C /* Resources */ = {
			isa = PBXResourcesBuildPhase;
			buildActionMask = 2147483647;
			files = (
			);
			runOnlyForDeploymentPostprocessing = 0;
		};
/* End PBXResourcesBuildPhase section */

/* Begin PBXShellScriptBuildPhase section */
		934CAB292B8B2A24045BCB24 /* [CP] Check Pods Manifest.lock */ = {
			isa = PBXShellScriptBuildPhase;
			buildActionMask = 2147483647;
			files = (
			);
			inputFileListPaths = (
			);
			inputPaths = (
				"${PODS_PODFILE_DIR_PATH}/Podfile.lock",
				"${PODS_ROOT}/Manifest.lock",
			);
			name = "[CP] Check Pods Manifest.lock";
			outputFileListPaths = (
			);
			outputPaths = (
				"$(DERIVED_FILE_DIR)/Pods-fm freak-checkManifestLockResult.txt",
			);
			runOnlyForDeploymentPostprocessing = 0;
			shellPath = /bin/sh;
			shellScript = "diff \"${PODS_PODFILE_DIR_PATH}/Podfile.lock\" \"${PODS_ROOT}/Manifest.lock\" > /dev/null\nif [ $? != 0 ] ; then\n    # print error to STDERR\n    echo \"error: The sandbox is not in sync with the Podfile.lock. Run 'pod install' or update your CocoaPods installation.\" >&2\n    exit 1\nfi\n# This output is used by Xcode 'outputs' to avoid re-running this script phase.\necho \"SUCCESS\" > \"${SCRIPT_OUTPUT_FILE_0}\"\n";
			showEnvVarsInLog = 0;
		};
		E9D0F7873A0987A355684FF6 /* [CP] Embed Pods Frameworks */ = {
			isa = PBXShellScriptBuildPhase;
			buildActionMask = 2147483647;
			files = (
			);
			inputFileListPaths = (
				"${PODS_ROOT}/Target Support Files/Pods-fm freak/Pods-fm freak-frameworks-${CONFIGURATION}-input-files.xcfilelist",
			);
			name = "[CP] Embed Pods Frameworks";
			outputFileListPaths = (
				"${PODS_ROOT}/Target Support Files/Pods-fm freak/Pods-fm freak-frameworks-${CONFIGURATION}-output-files.xcfilelist",
			);
			runOnlyForDeploymentPostprocessing = 0;
			shellPath = /bin/sh;
			shellScript = "\"${PODS_ROOT}/Target Support Files/Pods-fm freak/Pods-fm freak-frameworks.sh\"\n";
			showEnvVarsInLog = 0;
		};
/* End PBXShellScriptBuildPhase section */

/* Begin PBXSourcesBuildPhase section */
		2FABD4C4268A5EBA0075B70C /* Sources */ = {
			isa = PBXSourcesBuildPhase;
			buildActionMask = 2147483647;
			files = (
				2F7F485E268B1355007E39E8 /* TopChartView.swift in Sources */,
				2F7F4863268B1373007E39E8 /* TopChartViewController.swift in Sources */,
				2F235C7F268CB96800DD4671 /* DatabaseManager.swift in Sources */,
				2F596EA3268B2F9500C99D1D /* PathBuilder.swift in Sources */,
				2FABD503268A5FD60075B70C /* NetworkManager.swift in Sources */,
				2F1FA63D268DCBA4003963DB /* MockDatabaseManager.swift in Sources */,
				2FA2A5ED268C9528005B9C19 /* MockNetworkManager.swift in Sources */,
				2F7F48C0268B2A06007E39E8 /* BaseView.swift in Sources */,
				2F7F4877268B1BDE007E39E8 /* Album.swift in Sources */,
				2FABD4CC268A5EBA0075B70C /* AppDelegate.swift in Sources */,
				2FB60063268B8742003F473D /* Utils.swift in Sources */,
				2F7F487C268B1CCE007E39E8 /* Artist.swift in Sources */,
				2FBB0371268C6F8800C5C8B4 /* Track.swift in Sources */,
				2FBB0367268C6DD300C5C8B4 /* AlbumFullInfo.swift in Sources */,
				2FBB0357268C693000C5C8B4 /* AlbumDetailedInfo.swift in Sources */,
				2FABD4CE268A5EBA0075B70C /* SceneDelegate.swift in Sources */,
				2F7F48AC268B28DF007E39E8 /* TopChartPresenter.swift in Sources */,
				2FBB035C268C6A0800C5C8B4 /* AlbumDetailView.swift in Sources */,
				2F235C89268CC3E100DD4671 /* DatabaseMapper.swift in Sources */,
				2FBB0361268C6A1900C5C8B4 /* AlbumDetailPresenter.swift in Sources */,
				2FBB036C268C6F7C00C5C8B4 /* TracksArray.swift in Sources */,
				2FBB0376268C6FA500C5C8B4 /* Wiki.swift in Sources */,
				2F235C84268CC1FE00DD4671 /* RealmDetailedAlbum.swift in Sources */,
				2FB60041268B50A3003F473D /* AlbumImage.swift in Sources */,
				2F596EBE268B459B00C99D1D /* TopChartCollectionViewCell.swift in Sources */,
				2F7F48A4268B25A7007E39E8 /* AlbumsArray.swift in Sources */,
				2F7F4899268B223E007E39E8 /* AlbumsRequestInfo.swift in Sources */,
				2FBB0352268C649900C5C8B4 /* AlbumDetailViewController.swift in Sources */,
				2F7F48B2268B291C007E39E8 /* BasePresenter.swift in Sources */,
			);
			runOnlyForDeploymentPostprocessing = 0;
		};
		2FABD4DA268A5EBE0075B70C /* Sources */ = {
			isa = PBXSourcesBuildPhase;
			buildActionMask = 2147483647;
			files = (
				2FABD4E3268A5EBE0075B70C /* TopChartPresenterTests.swift in Sources */,
				2FA2A5F5268CA3D2005B9C19 /* AlbumDetailPresenterTests.swift in Sources */,
			);
			runOnlyForDeploymentPostprocessing = 0;
		};
/* End PBXSourcesBuildPhase section */

/* Begin PBXTargetDependency section */
		2FABD4E0268A5EBE0075B70C /* PBXTargetDependency */ = {
			isa = PBXTargetDependency;
			target = 2FABD4C7268A5EBA0075B70C /* fm freak */;
			targetProxy = 2FABD4DF268A5EBE0075B70C /* PBXContainerItemProxy */;
		};
/* End PBXTargetDependency section */

/* Begin PBXVariantGroup section */
		2FABD4D1268A5EBA0075B70C /* Main.storyboard */ = {
			isa = PBXVariantGroup;
			children = (
				2FABD4D2268A5EBA0075B70C /* Base */,
			);
			name = Main.storyboard;
			sourceTree = "<group>";
		};
		2FABD4D6268A5EBE0075B70C /* LaunchScreen.storyboard */ = {
			isa = PBXVariantGroup;
			children = (
				2FABD4D7268A5EBE0075B70C /* Base */,
			);
			name = LaunchScreen.storyboard;
			sourceTree = "<group>";
		};
/* End PBXVariantGroup section */

/* Begin XCBuildConfiguration section */
		2FABD4F0268A5EBE0075B70C /* Debug */ = {
			isa = XCBuildConfiguration;
			buildSettings = {
				ALWAYS_SEARCH_USER_PATHS = NO;
				CLANG_ANALYZER_NONNULL = YES;
				CLANG_ANALYZER_NUMBER_OBJECT_CONVERSION = YES_AGGRESSIVE;
				CLANG_CXX_LANGUAGE_STANDARD = "gnu++14";
				CLANG_CXX_LIBRARY = "libc++";
				CLANG_ENABLE_MODULES = YES;
				CLANG_ENABLE_OBJC_ARC = YES;
				CLANG_ENABLE_OBJC_WEAK = YES;
				CLANG_WARN_BLOCK_CAPTURE_AUTORELEASING = YES;
				CLANG_WARN_BOOL_CONVERSION = YES;
				CLANG_WARN_COMMA = YES;
				CLANG_WARN_CONSTANT_CONVERSION = YES;
				CLANG_WARN_DEPRECATED_OBJC_IMPLEMENTATIONS = YES;
				CLANG_WARN_DIRECT_OBJC_ISA_USAGE = YES_ERROR;
				CLANG_WARN_DOCUMENTATION_COMMENTS = YES;
				CLANG_WARN_EMPTY_BODY = YES;
				CLANG_WARN_ENUM_CONVERSION = YES;
				CLANG_WARN_INFINITE_RECURSION = YES;
				CLANG_WARN_INT_CONVERSION = YES;
				CLANG_WARN_NON_LITERAL_NULL_CONVERSION = YES;
				CLANG_WARN_OBJC_IMPLICIT_RETAIN_SELF = YES;
				CLANG_WARN_OBJC_LITERAL_CONVERSION = YES;
				CLANG_WARN_OBJC_ROOT_CLASS = YES_ERROR;
				CLANG_WARN_QUOTED_INCLUDE_IN_FRAMEWORK_HEADER = YES;
				CLANG_WARN_RANGE_LOOP_ANALYSIS = YES;
				CLANG_WARN_STRICT_PROTOTYPES = YES;
				CLANG_WARN_SUSPICIOUS_MOVE = YES;
				CLANG_WARN_UNGUARDED_AVAILABILITY = YES_AGGRESSIVE;
				CLANG_WARN_UNREACHABLE_CODE = YES;
				CLANG_WARN__DUPLICATE_METHOD_MATCH = YES;
				COPY_PHASE_STRIP = NO;
				DEBUG_INFORMATION_FORMAT = dwarf;
				ENABLE_STRICT_OBJC_MSGSEND = YES;
				ENABLE_TESTABILITY = YES;
				GCC_C_LANGUAGE_STANDARD = gnu11;
				GCC_DYNAMIC_NO_PIC = NO;
				GCC_NO_COMMON_BLOCKS = YES;
				GCC_OPTIMIZATION_LEVEL = 0;
				GCC_PREPROCESSOR_DEFINITIONS = (
					"DEBUG=1",
					"$(inherited)",
				);
				GCC_WARN_64_TO_32_BIT_CONVERSION = YES;
				GCC_WARN_ABOUT_RETURN_TYPE = YES_ERROR;
				GCC_WARN_UNDECLARED_SELECTOR = YES;
				GCC_WARN_UNINITIALIZED_AUTOS = YES_AGGRESSIVE;
				GCC_WARN_UNUSED_FUNCTION = YES;
				GCC_WARN_UNUSED_VARIABLE = YES;
				IPHONEOS_DEPLOYMENT_TARGET = 14.2;
				MTL_ENABLE_DEBUG_INFO = INCLUDE_SOURCE;
				MTL_FAST_MATH = YES;
				ONLY_ACTIVE_ARCH = YES;
				SDKROOT = iphoneos;
				SWIFT_ACTIVE_COMPILATION_CONDITIONS = DEBUG;
				SWIFT_OPTIMIZATION_LEVEL = "-Onone";
			};
			name = Debug;
		};
		2FABD4F1268A5EBE0075B70C /* Release */ = {
			isa = XCBuildConfiguration;
			buildSettings = {
				ALWAYS_SEARCH_USER_PATHS = NO;
				CLANG_ANALYZER_NONNULL = YES;
				CLANG_ANALYZER_NUMBER_OBJECT_CONVERSION = YES_AGGRESSIVE;
				CLANG_CXX_LANGUAGE_STANDARD = "gnu++14";
				CLANG_CXX_LIBRARY = "libc++";
				CLANG_ENABLE_MODULES = YES;
				CLANG_ENABLE_OBJC_ARC = YES;
				CLANG_ENABLE_OBJC_WEAK = YES;
				CLANG_WARN_BLOCK_CAPTURE_AUTORELEASING = YES;
				CLANG_WARN_BOOL_CONVERSION = YES;
				CLANG_WARN_COMMA = YES;
				CLANG_WARN_CONSTANT_CONVERSION = YES;
				CLANG_WARN_DEPRECATED_OBJC_IMPLEMENTATIONS = YES;
				CLANG_WARN_DIRECT_OBJC_ISA_USAGE = YES_ERROR;
				CLANG_WARN_DOCUMENTATION_COMMENTS = YES;
				CLANG_WARN_EMPTY_BODY = YES;
				CLANG_WARN_ENUM_CONVERSION = YES;
				CLANG_WARN_INFINITE_RECURSION = YES;
				CLANG_WARN_INT_CONVERSION = YES;
				CLANG_WARN_NON_LITERAL_NULL_CONVERSION = YES;
				CLANG_WARN_OBJC_IMPLICIT_RETAIN_SELF = YES;
				CLANG_WARN_OBJC_LITERAL_CONVERSION = YES;
				CLANG_WARN_OBJC_ROOT_CLASS = YES_ERROR;
				CLANG_WARN_QUOTED_INCLUDE_IN_FRAMEWORK_HEADER = YES;
				CLANG_WARN_RANGE_LOOP_ANALYSIS = YES;
				CLANG_WARN_STRICT_PROTOTYPES = YES;
				CLANG_WARN_SUSPICIOUS_MOVE = YES;
				CLANG_WARN_UNGUARDED_AVAILABILITY = YES_AGGRESSIVE;
				CLANG_WARN_UNREACHABLE_CODE = YES;
				CLANG_WARN__DUPLICATE_METHOD_MATCH = YES;
				COPY_PHASE_STRIP = NO;
				DEBUG_INFORMATION_FORMAT = "dwarf-with-dsym";
				ENABLE_NS_ASSERTIONS = NO;
				ENABLE_STRICT_OBJC_MSGSEND = YES;
				GCC_C_LANGUAGE_STANDARD = gnu11;
				GCC_NO_COMMON_BLOCKS = YES;
				GCC_WARN_64_TO_32_BIT_CONVERSION = YES;
				GCC_WARN_ABOUT_RETURN_TYPE = YES_ERROR;
				GCC_WARN_UNDECLARED_SELECTOR = YES;
				GCC_WARN_UNINITIALIZED_AUTOS = YES_AGGRESSIVE;
				GCC_WARN_UNUSED_FUNCTION = YES;
				GCC_WARN_UNUSED_VARIABLE = YES;
				IPHONEOS_DEPLOYMENT_TARGET = 14.2;
				MTL_ENABLE_DEBUG_INFO = NO;
				MTL_FAST_MATH = YES;
				SDKROOT = iphoneos;
				SWIFT_COMPILATION_MODE = wholemodule;
				SWIFT_OPTIMIZATION_LEVEL = "-O";
				VALIDATE_PRODUCT = YES;
			};
			name = Release;
		};
		2FABD4F3268A5EBE0075B70C /* Debug */ = {
			isa = XCBuildConfiguration;
			baseConfigurationReference = 62026E2E62491673FA8F1D83 /* Pods-fm freak.debug.xcconfig */;
			buildSettings = {
				ASSETCATALOG_COMPILER_APPICON_NAME = AppIcon;
				ASSETCATALOG_COMPILER_GLOBAL_ACCENT_COLOR_NAME = AccentColor;
				CODE_SIGN_STYLE = Automatic;
				DEVELOPMENT_TEAM = S27M9ZF22P;
				INFOPLIST_FILE = "fm freak/Info.plist";
				LD_RUNPATH_SEARCH_PATHS = (
					"$(inherited)",
					"@executable_path/Frameworks",
				);
				PRODUCT_BUNDLE_IDENTIFIER = "com.mattcbr.fm-freak";
				PRODUCT_NAME = "$(TARGET_NAME)";
				SWIFT_VERSION = 5.0;
				TARGETED_DEVICE_FAMILY = "1,2";
			};
			name = Debug;
		};
		2FABD4F4268A5EBE0075B70C /* Release */ = {
			isa = XCBuildConfiguration;
			baseConfigurationReference = 5F381030FD6D9B2AE9B7C8BE /* Pods-fm freak.release.xcconfig */;
			buildSettings = {
				ASSETCATALOG_COMPILER_APPICON_NAME = AppIcon;
				ASSETCATALOG_COMPILER_GLOBAL_ACCENT_COLOR_NAME = AccentColor;
				CODE_SIGN_STYLE = Automatic;
				DEVELOPMENT_TEAM = S27M9ZF22P;
				INFOPLIST_FILE = "fm freak/Info.plist";
				LD_RUNPATH_SEARCH_PATHS = (
					"$(inherited)",
					"@executable_path/Frameworks",
				);
				PRODUCT_BUNDLE_IDENTIFIER = "com.mattcbr.fm-freak";
				PRODUCT_NAME = "$(TARGET_NAME)";
				SWIFT_VERSION = 5.0;
				TARGETED_DEVICE_FAMILY = "1,2";
			};
			name = Release;
		};
		2FABD4F6268A5EBE0075B70C /* Debug */ = {
			isa = XCBuildConfiguration;
			buildSettings = {
				ALWAYS_EMBED_SWIFT_STANDARD_LIBRARIES = YES;
				BUNDLE_LOADER = "$(TEST_HOST)";
				CODE_SIGN_STYLE = Automatic;
				DEVELOPMENT_TEAM = S27M9ZF22P;
				INFOPLIST_FILE = "fm freakTests/Info.plist";
				IPHONEOS_DEPLOYMENT_TARGET = 14.2;
				LD_RUNPATH_SEARCH_PATHS = (
					"$(inherited)",
					"@executable_path/Frameworks",
					"@loader_path/Frameworks",
				);
				PRODUCT_BUNDLE_IDENTIFIER = "com.mattcbr.fm-freakTests";
				PRODUCT_NAME = "$(TARGET_NAME)";
				SWIFT_VERSION = 5.0;
				TARGETED_DEVICE_FAMILY = "1,2";
				TEST_HOST = "$(BUILT_PRODUCTS_DIR)/fm freak.app/fm freak";
			};
			name = Debug;
		};
		2FABD4F7268A5EBE0075B70C /* Release */ = {
			isa = XCBuildConfiguration;
			buildSettings = {
				ALWAYS_EMBED_SWIFT_STANDARD_LIBRARIES = YES;
				BUNDLE_LOADER = "$(TEST_HOST)";
				CODE_SIGN_STYLE = Automatic;
				DEVELOPMENT_TEAM = S27M9ZF22P;
				INFOPLIST_FILE = "fm freakTests/Info.plist";
				IPHONEOS_DEPLOYMENT_TARGET = 14.2;
				LD_RUNPATH_SEARCH_PATHS = (
					"$(inherited)",
					"@executable_path/Frameworks",
					"@loader_path/Frameworks",
				);
				PRODUCT_BUNDLE_IDENTIFIER = "com.mattcbr.fm-freakTests";
				PRODUCT_NAME = "$(TARGET_NAME)";
				SWIFT_VERSION = 5.0;
				TARGETED_DEVICE_FAMILY = "1,2";
				TEST_HOST = "$(BUILT_PRODUCTS_DIR)/fm freak.app/fm freak";
			};
			name = Release;
		};
/* End XCBuildConfiguration section */

/* Begin XCConfigurationList section */
		2FABD4C3268A5EBA0075B70C /* Build configuration list for PBXProject "fm freak" */ = {
			isa = XCConfigurationList;
			buildConfigurations = (
				2FABD4F0268A5EBE0075B70C /* Debug */,
				2FABD4F1268A5EBE0075B70C /* Release */,
			);
			defaultConfigurationIsVisible = 0;
			defaultConfigurationName = Release;
		};
		2FABD4F2268A5EBE0075B70C /* Build configuration list for PBXNativeTarget "fm freak" */ = {
			isa = XCConfigurationList;
			buildConfigurations = (
				2FABD4F3268A5EBE0075B70C /* Debug */,
				2FABD4F4268A5EBE0075B70C /* Release */,
			);
			defaultConfigurationIsVisible = 0;
			defaultConfigurationName = Release;
		};
		2FABD4F5268A5EBE0075B70C /* Build configuration list for PBXNativeTarget "fm freakTests" */ = {
			isa = XCConfigurationList;
			buildConfigurations = (
				2FABD4F6268A5EBE0075B70C /* Debug */,
				2FABD4F7268A5EBE0075B70C /* Release */,
			);
			defaultConfigurationIsVisible = 0;
			defaultConfigurationName = Release;
		};
/* End XCConfigurationList section */
	};
	rootObject = 2FABD4C0268A5EBA0075B70C /* Project object */;
}
